
Microsoft Visual Studio Solution File, Format Version 12.00
# Visual Studio Version 16
VisualStudioVersion = 25.0.1706.5
MinimumVisualStudioVersion = 10.0.40219.1
Project("{FAE04EC0-301F-11D3-BF4B-00C04F79EFBC}") = "ageCalculater", "ageCalculater\ageCalculater.csproj", "{F0A68778-BF49-4CEF-9B66-190476091E85}"
EndProject
Global
	GlobalSection(SolutionConfigurationPlatforms) = preSolution
		Debug|Any CPU = Debug|Any CPU
		Release|Any CPU = Release|Any CPU
	EndGlobalSection
	GlobalSection(ProjectConfigurationPlatforms) = postSolution
		{F0A68778-BF49-4CEF-9B66-190476091E85}.Debug|Any CPU.ActiveCfg = Debug|Any CPU
		{F0A68778-BF49-4CEF-9B66-190476091E85}.Debug|Any CPU.Build.0 = Debug|Any CPU
		{F0A68778-BF49-4CEF-9B66-190476091E85}.Release|Any CPU.ActiveCfg = Release|Any CPU
		{F0A68778-BF49-4CEF-9B66-190476091E85}.Release|Any CPU.Build.0 = Release|Any CPU
	EndGlobalSection
	GlobalSection(SolutionProperties) = preSolution
		HideSolutionNode = FALSE
	EndGlobalSection
	GlobalSection(ExtensibilityGlobals) = postSolution
		SolutionGuid = {E551CF12-0235-40EE-B7A1-067C220C46BA}
	EndGlobalSection
EndGlobal
